
Microsoft Visual Studio Solution File, Format Version 12.00
Project("{FAE04EC0-301F-11D3-BF4B-00C04F79EFBC}") = "CitasApp", "CitasApp\CitasApp.csproj", "{0CC22669-438A-46B3-9E8C-3D66BB2FA09C}"
EndProject
Global
	GlobalSection(SolutionConfigurationPlatforms) = preSolution
		Debug|Any CPU = Debug|Any CPU
		Release|Any CPU = Release|Any CPU
	EndGlobalSection
	GlobalSection(ProjectConfigurationPlatforms) = postSolution
		{0CC22669-438A-46B3-9E8C-3D66BB2FA09C}.Debug|Any CPU.ActiveCfg = Debug|Any CPU
		{0CC22669-438A-46B3-9E8C-3D66BB2FA09C}.Debug|Any CPU.Build.0 = Debug|Any CPU
		{0CC22669-438A-46B3-9E8C-3D66BB2FA09C}.Release|Any CPU.ActiveCfg = Release|Any CPU
		{0CC22669-438A-46B3-9E8C-3D66BB2FA09C}.Release|Any CPU.Build.0 = Release|Any CPU
	EndGlobalSection
EndGlobal
